{
    "name": "sample_plugin",
    "lockfileVersion": 3,
    "requires": true,
    "packages": {
        "": {
            "name": "sample_plugin",
            "dependencies": {
                "underscore": "^1.13.6"
            },
            "devDependencies": {
                "@types/underscore": "^1.11.15"
            }
        },
        "../researchspace-platform-api": {
            "version": "4.0.0",
            "extraneous": true
        },
        "node_modules/@types/underscore": {
            "version": "1.11.15",
            "resolved": "https://registry.npmjs.org/@types/underscore/-/underscore-1.11.15.tgz",
            "integrity": "sha512-HP38xE+GuWGlbSRq9WrZkousaQ7dragtZCruBVMi0oX1migFZavZ3OROKHSkNp/9ouq82zrWtZpg18jFnVN96g==",
            "dev": true
        },
        "node_modules/underscore": {
            "version": "1.13.6",
            "resolved": "https://registry.npmjs.org/underscore/-/underscore-1.13.6.tgz",
            "integrity": "sha512-+A5Sja4HP1M08MaXya7p5LvjuM7K6q/2EaC0+iovj/wOcMsTzMvDFbasi/oSapiwOlt252IqsKqPjCl7huKS0A=="
        }
    }
}
